
Microsoft Visual Studio Solution File, Format Version 12.00
# Visual Studio 14
VisualStudioVersion = 14.0.23107.0
MinimumVisualStudioVersion = 10.0.40219.1
Project("{FAE04EC0-301F-11D3-BF4B-00C04F79EFBC}") = "ARIA Backup Folder Cleanup", "ARIA Backup Folder Cleanup\ARIA Backup Folder Cleanup.csproj", "{F37A28EA-244F-4204-B6A1-16BA4B274DB1}"
EndProject
Global
	GlobalSection(SolutionConfigurationPlatforms) = preSolution
		Debug|Any CPU = Debug|Any CPU
		Release|Any CPU = Release|Any CPU
	EndGlobalSection
	GlobalSection(ProjectConfigurationPlatforms) = postSolution
		{F37A28EA-244F-4204-B6A1-16BA4B274DB1}.Debug|Any CPU.ActiveCfg = Debug|Any CPU
		{F37A28EA-244F-4204-B6A1-16BA4B274DB1}.Debug|Any CPU.Build.0 = Debug|Any CPU
		{F37A28EA-244F-4204-B6A1-16BA4B274DB1}.Release|Any CPU.ActiveCfg = Release|Any CPU
		{F37A28EA-244F-4204-B6A1-16BA4B274DB1}.Release|Any CPU.Build.0 = Release|Any CPU
	EndGlobalSection
	GlobalSection(SolutionProperties) = preSolution
		HideSolutionNode = FALSE
	EndGlobalSection
	GlobalSection(TeamFoundationVersionControl) = preSolution
		SccNumberOfProjects = 2
		SccEnterpriseProvider = {4CA58AB2-18FA-4F8D-95D4-32DDF27D184C}
		SccTeamFoundationServer = https://prouse.visualstudio.com/defaultcollection
		SccLocalPath0 = .
		SccProjectUniqueName1 = ARIA\u0020Backup\u0020Folder\u0020Cleanup\\ARIA\u0020Backup\u0020Folder\u0020Cleanup.csproj
		SccProjectName1 = ARIA\u0020Backup\u0020Folder\u0020Cleanup
		SccLocalPath1 = ARIA\u0020Backup\u0020Folder\u0020Cleanup
	EndGlobalSection
EndGlobal
